
Microsoft Visual Studio Solution File, Format Version 12.00
# Visual Studio 15
VisualStudioVersion = 15.0.27130.2027
MinimumVisualStudioVersion = 10.0.40219.1
Project("{FAE04EC0-301F-11D3-BF4B-00C04F79EFBC}") = "Design", "Design\Design.csproj", "{B56C5D15-7199-45A5-B1C5-2B9B6E3EE9EE}"
EndProject
Global
	GlobalSection(SolutionConfigurationPlatforms) = preSolution
		Debug|Any CPU = Debug|Any CPU
		Release|Any CPU = Release|Any CPU
	EndGlobalSection
	GlobalSection(ProjectConfigurationPlatforms) = postSolution
		{B56C5D15-7199-45A5-B1C5-2B9B6E3EE9EE}.Debug|Any CPU.ActiveCfg = Debug|Any CPU
		{B56C5D15-7199-45A5-B1C5-2B9B6E3EE9EE}.Debug|Any CPU.Build.0 = Debug|Any CPU
		{B56C5D15-7199-45A5-B1C5-2B9B6E3EE9EE}.Release|Any CPU.ActiveCfg = Release|Any CPU
		{B56C5D15-7199-45A5-B1C5-2B9B6E3EE9EE}.Release|Any CPU.Build.0 = Release|Any CPU
	EndGlobalSection
	GlobalSection(SolutionProperties) = preSolution
		HideSolutionNode = FALSE
	EndGlobalSection
	GlobalSection(ExtensibilityGlobals) = postSolution
		SolutionGuid = {DD162797-6B44-4B26-B970-B61764579AC5}
	EndGlobalSection
EndGlobal
